
Microsoft Visual Studio Solution File, Format Version 12.00
# Visual Studio 2013
VisualStudioVersion = 12.0.30324.0
MinimumVisualStudioVersion = 10.0.40219.1
Project("{FAE04EC0-301F-11D3-BF4B-00C04F79EFBC}") = "CRMLeadCaptureExample", "CRMLeadCaptureExample\CRMLeadCaptureExample.csproj", "{55BF2E34-141D-4B38-9D6A-740204401B12}"
EndProject
Project("{FAE04EC0-301F-11D3-BF4B-00C04F79EFBC}") = "YourWebsite", "YourWebsite\YourWebsite.csproj", "{9BBC1CC7-CBFF-4BDD-AD69-1FD86EB4229C}"
EndProject
Global
	GlobalSection(SolutionConfigurationPlatforms) = preSolution
		Debug|Any CPU = Debug|Any CPU
		Release|Any CPU = Release|Any CPU
	EndGlobalSection
	GlobalSection(ProjectConfigurationPlatforms) = postSolution
		{55BF2E34-141D-4B38-9D6A-740204401B12}.Debug|Any CPU.ActiveCfg = Debug|Any CPU
		{55BF2E34-141D-4B38-9D6A-740204401B12}.Debug|Any CPU.Build.0 = Debug|Any CPU
		{55BF2E34-141D-4B38-9D6A-740204401B12}.Release|Any CPU.ActiveCfg = Release|Any CPU
		{55BF2E34-141D-4B38-9D6A-740204401B12}.Release|Any CPU.Build.0 = Release|Any CPU
		{9BBC1CC7-CBFF-4BDD-AD69-1FD86EB4229C}.Debug|Any CPU.ActiveCfg = Debug|Any CPU
		{9BBC1CC7-CBFF-4BDD-AD69-1FD86EB4229C}.Debug|Any CPU.Build.0 = Debug|Any CPU
		{9BBC1CC7-CBFF-4BDD-AD69-1FD86EB4229C}.Release|Any CPU.ActiveCfg = Release|Any CPU
		{9BBC1CC7-CBFF-4BDD-AD69-1FD86EB4229C}.Release|Any CPU.Build.0 = Release|Any CPU
	EndGlobalSection
	GlobalSection(SolutionProperties) = preSolution
		HideSolutionNode = FALSE
	EndGlobalSection
EndGlobal
